
Microsoft Visual Studio Solution File, Format Version 12.00
# Visual Studio 14
VisualStudioVersion = 14.0.25420.1
MinimumVisualStudioVersion = 10.0.40219.1
Project("{FAE04EC0-301F-11D3-BF4B-00C04F79EFBC}") = "FileUploadWebAPIMVC5", "FileUploadWebAPIMVC5\FileUploadWebAPIMVC5.csproj", "{F44A9F9F-2082-43CA-ADC0-C0C880578D14}"
EndProject
Project("{FAE04EC0-301F-11D3-BF4B-00C04F79EFBC}") = "RestfulTutorial.Data", "RestfulTutorial.Data\RestfulTutorial.Data.csproj", "{E71EB8A5-208C-44EF-89A6-E2B03D0DFC17}"
EndProject
Project("{FAE04EC0-301F-11D3-BF4B-00C04F79EFBC}") = "RestfulTutorial.Service", "RestFulTutorial.Service\RestfulTutorial.Service.csproj", "{36B8F02F-6D1C-4BAF-AE01-7DEB81F8DA76}"
EndProject
Project("{FAE04EC0-301F-11D3-BF4B-00C04F79EFBC}") = "RestfulTutorial.Web", "RestfulTutorial.Web\RestfulTutorial.Web.csproj", "{C873365D-A7CD-4E9D-ABCF-044483306111}"
EndProject
Project("{FAE04EC0-301F-11D3-BF4B-00C04F79EFBC}") = "angjsdemo", "angjsdemo\angjsdemo.csproj", "{5809B822-E288-4CCF-BC22-1617E3984303}"
EndProject
Project("{FAE04EC0-301F-11D3-BF4B-00C04F79EFBC}") = "ConsoleApplication1", "ConsoleApplication1\ConsoleApplication1.csproj", "{4C0D666F-4D7C-458F-B1B2-179601B2272B}"
EndProject
Project("{FAE04EC0-301F-11D3-BF4B-00C04F79EFBC}") = "WindowsFormsApplication1", "WindowsFormsApplication1\WindowsFormsApplication1.csproj", "{16AD54A6-DA64-4B3E-B913-D73F6CE34374}"
EndProject
Project("{FAE04EC0-301F-11D3-BF4B-00C04F79EFBC}") = "MvcDI", "MvcDI\MvcDI.csproj", "{34F4B26B-7980-498C-BB8C-67AB7C257E40}"
EndProject
Project("{FAE04EC0-301F-11D3-BF4B-00C04F79EFBC}") = "MvcDi.Tests", "MvcDi.Tests\MvcDi.Tests.csproj", "{2DB1921B-4613-4AD4-B0C9-332CC6C97093}"
EndProject
Project("{FAE04EC0-301F-11D3-BF4B-00C04F79EFBC}") = "ClassLibrary1", "ClassLibrary1\ClassLibrary1.csproj", "{416C21BF-8760-448B-86DF-182995101415}"
EndProject
Project("{9092AA53-FB77-4645-B42D-1CCCA6BD08BD}") = "TheBoard", "TheBoard\TheBoard.njsproj", "{51B5458D-39C7-4CCC-BB01-43804F2D6CAC}"
EndProject
Project("{FAE04EC0-301F-11D3-BF4B-00C04F79EFBC}") = "disrupt", "disrupt\disrupt.csproj", "{F1A4A741-31C9-4807-96FF-0C669E24971E}"
EndProject
Project("{FAE04EC0-301F-11D3-BF4B-00C04F79EFBC}") = "TimeService", "TimeService\TimeService.csproj", "{425589B5-3E99-4D5C-9462-D8EE0D8C28BB}"
EndProject
Global
	GlobalSection(SolutionConfigurationPlatforms) = preSolution
		Debug|Any CPU = Debug|Any CPU
		Release|Any CPU = Release|Any CPU
	EndGlobalSection
	GlobalSection(ProjectConfigurationPlatforms) = postSolution
		{F44A9F9F-2082-43CA-ADC0-C0C880578D14}.Debug|Any CPU.ActiveCfg = Debug|Any CPU
		{F44A9F9F-2082-43CA-ADC0-C0C880578D14}.Debug|Any CPU.Build.0 = Debug|Any CPU
		{F44A9F9F-2082-43CA-ADC0-C0C880578D14}.Release|Any CPU.ActiveCfg = Release|Any CPU
		{F44A9F9F-2082-43CA-ADC0-C0C880578D14}.Release|Any CPU.Build.0 = Release|Any CPU
		{E71EB8A5-208C-44EF-89A6-E2B03D0DFC17}.Debug|Any CPU.ActiveCfg = Debug|Any CPU
		{E71EB8A5-208C-44EF-89A6-E2B03D0DFC17}.Debug|Any CPU.Build.0 = Debug|Any CPU
		{E71EB8A5-208C-44EF-89A6-E2B03D0DFC17}.Release|Any CPU.ActiveCfg = Release|Any CPU
		{E71EB8A5-208C-44EF-89A6-E2B03D0DFC17}.Release|Any CPU.Build.0 = Release|Any CPU
		{36B8F02F-6D1C-4BAF-AE01-7DEB81F8DA76}.Debug|Any CPU.ActiveCfg = Debug|Any CPU
		{36B8F02F-6D1C-4BAF-AE01-7DEB81F8DA76}.Debug|Any CPU.Build.0 = Debug|Any CPU
		{36B8F02F-6D1C-4BAF-AE01-7DEB81F8DA76}.Release|Any CPU.ActiveCfg = Release|Any CPU
		{36B8F02F-6D1C-4BAF-AE01-7DEB81F8DA76}.Release|Any CPU.Build.0 = Release|Any CPU
		{C873365D-A7CD-4E9D-ABCF-044483306111}.Debug|Any CPU.ActiveCfg = Debug|Any CPU
		{C873365D-A7CD-4E9D-ABCF-044483306111}.Debug|Any CPU.Build.0 = Debug|Any CPU
		{C873365D-A7CD-4E9D-ABCF-044483306111}.Release|Any CPU.ActiveCfg = Release|Any CPU
		{C873365D-A7CD-4E9D-ABCF-044483306111}.Release|Any CPU.Build.0 = Release|Any CPU
		{5809B822-E288-4CCF-BC22-1617E3984303}.Debug|Any CPU.ActiveCfg = Debug|Any CPU
		{5809B822-E288-4CCF-BC22-1617E3984303}.Debug|Any CPU.Build.0 = Debug|Any CPU
		{5809B822-E288-4CCF-BC22-1617E3984303}.Release|Any CPU.ActiveCfg = Release|Any CPU
		{5809B822-E288-4CCF-BC22-1617E3984303}.Release|Any CPU.Build.0 = Release|Any CPU
		{4C0D666F-4D7C-458F-B1B2-179601B2272B}.Debug|Any CPU.ActiveCfg = Debug|Any CPU
		{4C0D666F-4D7C-458F-B1B2-179601B2272B}.Debug|Any CPU.Build.0 = Debug|Any CPU
		{4C0D666F-4D7C-458F-B1B2-179601B2272B}.Release|Any CPU.ActiveCfg = Release|Any CPU
		{4C0D666F-4D7C-458F-B1B2-179601B2272B}.Release|Any CPU.Build.0 = Release|Any CPU
		{16AD54A6-DA64-4B3E-B913-D73F6CE34374}.Debug|Any CPU.ActiveCfg = Debug|Any CPU
		{16AD54A6-DA64-4B3E-B913-D73F6CE34374}.Debug|Any CPU.Build.0 = Debug|Any CPU
		{16AD54A6-DA64-4B3E-B913-D73F6CE34374}.Release|Any CPU.ActiveCfg = Release|Any CPU
		{16AD54A6-DA64-4B3E-B913-D73F6CE34374}.Release|Any CPU.Build.0 = Release|Any CPU
		{34F4B26B-7980-498C-BB8C-67AB7C257E40}.Debug|Any CPU.ActiveCfg = Debug|Any CPU
		{34F4B26B-7980-498C-BB8C-67AB7C257E40}.Debug|Any CPU.Build.0 = Debug|Any CPU
		{34F4B26B-7980-498C-BB8C-67AB7C257E40}.Release|Any CPU.ActiveCfg = Release|Any CPU
		{34F4B26B-7980-498C-BB8C-67AB7C257E40}.Release|Any CPU.Build.0 = Release|Any CPU
		{2DB1921B-4613-4AD4-B0C9-332CC6C97093}.Debug|Any CPU.ActiveCfg = Debug|Any CPU
		{2DB1921B-4613-4AD4-B0C9-332CC6C97093}.Debug|Any CPU.Build.0 = Debug|Any CPU
		{2DB1921B-4613-4AD4-B0C9-332CC6C97093}.Release|Any CPU.ActiveCfg = Release|Any CPU
		{2DB1921B-4613-4AD4-B0C9-332CC6C97093}.Release|Any CPU.Build.0 = Release|Any CPU
		{416C21BF-8760-448B-86DF-182995101415}.Debug|Any CPU.ActiveCfg = Debug|Any CPU
		{416C21BF-8760-448B-86DF-182995101415}.Debug|Any CPU.Build.0 = Debug|Any CPU
		{416C21BF-8760-448B-86DF-182995101415}.Release|Any CPU.ActiveCfg = Release|Any CPU
		{416C21BF-8760-448B-86DF-182995101415}.Release|Any CPU.Build.0 = Release|Any CPU
		{51B5458D-39C7-4CCC-BB01-43804F2D6CAC}.Debug|Any CPU.ActiveCfg = Debug|Any CPU
		{51B5458D-39C7-4CCC-BB01-43804F2D6CAC}.Debug|Any CPU.Build.0 = Debug|Any CPU
		{51B5458D-39C7-4CCC-BB01-43804F2D6CAC}.Release|Any CPU.ActiveCfg = Release|Any CPU
		{51B5458D-39C7-4CCC-BB01-43804F2D6CAC}.Release|Any CPU.Build.0 = Release|Any CPU
		{F1A4A741-31C9-4807-96FF-0C669E24971E}.Debug|Any CPU.ActiveCfg = Debug|Any CPU
		{F1A4A741-31C9-4807-96FF-0C669E24971E}.Debug|Any CPU.Build.0 = Debug|Any CPU
		{F1A4A741-31C9-4807-96FF-0C669E24971E}.Release|Any CPU.ActiveCfg = Release|Any CPU
		{F1A4A741-31C9-4807-96FF-0C669E24971E}.Release|Any CPU.Build.0 = Release|Any CPU
		{425589B5-3E99-4D5C-9462-D8EE0D8C28BB}.Debug|Any CPU.ActiveCfg = Debug|Any CPU
		{425589B5-3E99-4D5C-9462-D8EE0D8C28BB}.Debug|Any CPU.Build.0 = Debug|Any CPU
		{425589B5-3E99-4D5C-9462-D8EE0D8C28BB}.Release|Any CPU.ActiveCfg = Release|Any CPU
		{425589B5-3E99-4D5C-9462-D8EE0D8C28BB}.Release|Any CPU.Build.0 = Release|Any CPU
	EndGlobalSection
	GlobalSection(SolutionProperties) = preSolution
		HideSolutionNode = FALSE
	EndGlobalSection
EndGlobal
